// !$*UTF8*$!
{
	archiveVersion = 1;
	classes = {
	};
	objectVersion = 51;
	objects = {

/* Begin PBXBuildFile section */
		1668B07B649CFA312CCBC236 /* Pods_MyToDoList_MyToDoListUITests.framework in Frameworks */ = {isa = PBXBuildFile; fileRef = 65EAD503A05572F4FECBD434 /* Pods_MyToDoList_MyToDoListUITests.framework */; };
		2E2A5E0726C95E8E00083869 /* GoogleService-Info.plist in Resources */ = {isa = PBXBuildFile; fileRef = 2E2A5E0626C95E8E00083869 /* GoogleService-Info.plist */; };
		2E5DAFA026BEE640000D5EAB /* AppDelegate.swift in Sources */ = {isa = PBXBuildFile; fileRef = 2E5DAF9F26BEE640000D5EAB /* AppDelegate.swift */; };
		2E5DAFA226BEE640000D5EAB /* SceneDelegate.swift in Sources */ = {isa = PBXBuildFile; fileRef = 2E5DAFA126BEE640000D5EAB /* SceneDelegate.swift */; };
		2E5DAFA426BEE640000D5EAB /* ViewController.swift in Sources */ = {isa = PBXBuildFile; fileRef = 2E5DAFA326BEE640000D5EAB /* ViewController.swift */; };
		2E5DAFA726BEE640000D5EAB /* Main.storyboard in Resources */ = {isa = PBXBuildFile; fileRef = 2E5DAFA526BEE640000D5EAB /* Main.storyboard */; };
		2E5DAFA926BEE644000D5EAB /* Assets.xcassets in Resources */ = {isa = PBXBuildFile; fileRef = 2E5DAFA826BEE644000D5EAB /* Assets.xcassets */; };
		2E5DAFAC26BEE644000D5EAB /* LaunchScreen.storyboard in Resources */ = {isa = PBXBuildFile; fileRef = 2E5DAFAA26BEE644000D5EAB /* LaunchScreen.storyboard */; };
		2E5DAFB726BEE644000D5EAB /* MyToDoListTests.swift in Sources */ = {isa = PBXBuildFile; fileRef = 2E5DAFB626BEE644000D5EAB /* MyToDoListTests.swift */; };
		2E5DAFC226BEE645000D5EAB /* MyToDoListUITests.swift in Sources */ = {isa = PBXBuildFile; fileRef = 2E5DAFC126BEE645000D5EAB /* MyToDoListUITests.swift */; };
		2E5DAFD026C03ACB000D5EAB /* EntryViewController.swift in Sources */ = {isa = PBXBuildFile; fileRef = 2E5DAFCF26C03ACB000D5EAB /* EntryViewController.swift */; };
		2E5DAFD226C03B00000D5EAB /* TaskViewController.swift in Sources */ = {isa = PBXBuildFile; fileRef = 2E5DAFD126C03B00000D5EAB /* TaskViewController.swift */; };
		2EA1010A26C6B65B00819D97 /* TaskGateway.swift in Sources */ = {isa = PBXBuildFile; fileRef = 2EA1010926C6B65B00819D97 /* TaskGateway.swift */; };
		7DB00114B52DA3FD76924513 /* Pods_MyToDoListTests.framework in Frameworks */ = {isa = PBXBuildFile; fileRef = 4268E75E0D2404570869D88E /* Pods_MyToDoListTests.framework */; };
		E09296F3C840A24385BADA6A /* Pods_MyToDoList.framework in Frameworks */ = {isa = PBXBuildFile; fileRef = 35B75C61A9C4062B757D16CD /* Pods_MyToDoList.framework */; };
/* End PBXBuildFile section */

/* Begin PBXContainerItemProxy section */
		2E5DAFB326BEE644000D5EAB /* PBXContainerItemProxy */ = {
			isa = PBXContainerItemProxy;
			containerPortal = 2E5DAF9426BEE640000D5EAB /* Project object */;
			proxyType = 1;
			remoteGlobalIDString = 2E5DAF9B26BEE640000D5EAB;
			remoteInfo = MyToDoList;
		};
		2E5DAFBE26BEE645000D5EAB /* PBXContainerItemProxy */ = {
			isa = PBXContainerItemProxy;
			containerPortal = 2E5DAF9426BEE640000D5EAB /* Project object */;
			proxyType = 1;
			remoteGlobalIDString = 2E5DAF9B26BEE640000D5EAB;
			remoteInfo = MyToDoList;
		};
/* End PBXContainerItemProxy section */

/* Begin PBXFileReference section */
		0E5915A29311A07E39514CC5 /* Pods-MyToDoList-MyToDoListUITests.debug.xcconfig */ = {isa = PBXFileReference; includeInIndex = 1; lastKnownFileType = text.xcconfig; name = "Pods-MyToDoList-MyToDoListUITests.debug.xcconfig"; path = "Target Support Files/Pods-MyToDoList-MyToDoListUITests/Pods-MyToDoList-MyToDoListUITests.debug.xcconfig"; sourceTree = "<group>"; };
		2E2A5E0626C95E8E00083869 /* GoogleService-Info.plist */ = {isa = PBXFileReference; fileEncoding = 4; lastKnownFileType = text.plist.xml; name = "GoogleService-Info.plist"; path = "../../../../Downloads/GoogleService-Info.plist"; sourceTree = "<group>"; };
		2E5DAF9C26BEE640000D5EAB /* MyToDoList.app */ = {isa = PBXFileReference; explicitFileType = wrapper.application; includeInIndex = 0; path = MyToDoList.app; sourceTree = BUILT_PRODUCTS_DIR; };
		2E5DAF9F26BEE640000D5EAB /* AppDelegate.swift */ = {isa = PBXFileReference; lastKnownFileType = sourcecode.swift; path = AppDelegate.swift; sourceTree = "<group>"; };
		2E5DAFA126BEE640000D5EAB /* SceneDelegate.swift */ = {isa = PBXFileReference; lastKnownFileType = sourcecode.swift; path = SceneDelegate.swift; sourceTree = "<group>"; };
		2E5DAFA326BEE640000D5EAB /* ViewController.swift */ = {isa = PBXFileReference; lastKnownFileType = sourcecode.swift; path = ViewController.swift; sourceTree = "<group>"; };
		2E5DAFA626BEE640000D5EAB /* Base */ = {isa = PBXFileReference; lastKnownFileType = file.storyboard; name = Base; path = Base.lproj/Main.storyboard; sourceTree = "<group>"; };
		2E5DAFA826BEE644000D5EAB /* Assets.xcassets */ = {isa = PBXFileReference; lastKnownFileType = folder.assetcatalog; path = Assets.xcassets; sourceTree = "<group>"; };
		2E5DAFAB26BEE644000D5EAB /* Base */ = {isa = PBXFileReference; lastKnownFileType = file.storyboard; name = Base; path = Base.lproj/LaunchScreen.storyboard; sourceTree = "<group>"; };
		2E5DAFAD26BEE644000D5EAB /* Info.plist */ = {isa = PBXFileReference; lastKnownFileType = text.plist.xml; path = Info.plist; sourceTree = "<group>"; };
		2E5DAFB226BEE644000D5EAB /* MyToDoListTests.xctest */ = {isa = PBXFileReference; explicitFileType = wrapper.cfbundle; includeInIndex = 0; path = MyToDoListTests.xctest; sourceTree = BUILT_PRODUCTS_DIR; };
		2E5DAFB626BEE644000D5EAB /* MyToDoListTests.swift */ = {isa = PBXFileReference; lastKnownFileType = sourcecode.swift; path = MyToDoListTests.swift; sourceTree = "<group>"; };
		2E5DAFB826BEE644000D5EAB /* Info.plist */ = {isa = PBXFileReference; lastKnownFileType = text.plist.xml; path = Info.plist; sourceTree = "<group>"; };
		2E5DAFBD26BEE645000D5EAB /* MyToDoListUITests.xctest */ = {isa = PBXFileReference; explicitFileType = wrapper.cfbundle; includeInIndex = 0; path = MyToDoListUITests.xctest; sourceTree = BUILT_PRODUCTS_DIR; };
		2E5DAFC126BEE645000D5EAB /* MyToDoListUITests.swift */ = {isa = PBXFileReference; lastKnownFileType = sourcecode.swift; path = MyToDoListUITests.swift; sourceTree = "<group>"; };
		2E5DAFC326BEE645000D5EAB /* Info.plist */ = {isa = PBXFileReference; lastKnownFileType = text.plist.xml; path = Info.plist; sourceTree = "<group>"; };
		2E5DAFCF26C03ACB000D5EAB /* EntryViewController.swift */ = {isa = PBXFileReference; lastKnownFileType = sourcecode.swift; path = EntryViewController.swift; sourceTree = "<group>"; };
		2E5DAFD126C03B00000D5EAB /* TaskViewController.swift */ = {isa = PBXFileReference; lastKnownFileType = sourcecode.swift; path = TaskViewController.swift; sourceTree = "<group>"; };
		2EA1010926C6B65B00819D97 /* TaskGateway.swift */ = {isa = PBXFileReference; lastKnownFileType = sourcecode.swift; path = TaskGateway.swift; sourceTree = "<group>"; };
		2F359CCF6676541322961F96 /* Pods-MyToDoListTests.debug.xcconfig */ = {isa = PBXFileReference; includeInIndex = 1; lastKnownFileType = text.xcconfig; name = "Pods-MyToDoListTests.debug.xcconfig"; path = "Target Support Files/Pods-MyToDoListTests/Pods-MyToDoListTests.debug.xcconfig"; sourceTree = "<group>"; };
		35B75C61A9C4062B757D16CD /* Pods_MyToDoList.framework */ = {isa = PBXFileReference; explicitFileType = wrapper.framework; includeInIndex = 0; path = Pods_MyToDoList.framework; sourceTree = BUILT_PRODUCTS_DIR; };
		4268E75E0D2404570869D88E /* Pods_MyToDoListTests.framework */ = {isa = PBXFileReference; explicitFileType = wrapper.framework; includeInIndex = 0; path = Pods_MyToDoListTests.framework; sourceTree = BUILT_PRODUCTS_DIR; };
		563F6ABCB22429EAB7E58CA9 /* Pods-MyToDoList.debug.xcconfig */ = {isa = PBXFileReference; includeInIndex = 1; lastKnownFileType = text.xcconfig; name = "Pods-MyToDoList.debug.xcconfig"; path = "Target Support Files/Pods-MyToDoList/Pods-MyToDoList.debug.xcconfig"; sourceTree = "<group>"; };
		65EAD503A05572F4FECBD434 /* Pods_MyToDoList_MyToDoListUITests.framework */ = {isa = PBXFileReference; explicitFileType = wrapper.framework; includeInIndex = 0; path = Pods_MyToDoList_MyToDoListUITests.framework; sourceTree = BUILT_PRODUCTS_DIR; };
		68220311AFF4A8EEE3831D2B /* Pods-MyToDoListTests.release.xcconfig */ = {isa = PBXFileReference; includeInIndex = 1; lastKnownFileType = text.xcconfig; name = "Pods-MyToDoListTests.release.xcconfig"; path = "Target Support Files/Pods-MyToDoListTests/Pods-MyToDoListTests.release.xcconfig"; sourceTree = "<group>"; };
		A67F18AE5C74355FCDA9D2D9 /* Pods-MyToDoList-MyToDoListUITests.release.xcconfig */ = {isa = PBXFileReference; includeInIndex = 1; lastKnownFileType = text.xcconfig; name = "Pods-MyToDoList-MyToDoListUITests.release.xcconfig"; path = "Target Support Files/Pods-MyToDoList-MyToDoListUITests/Pods-MyToDoList-MyToDoListUITests.release.xcconfig"; sourceTree = "<group>"; };
		D0AFB74B24B4D8A639812D52 /* Pods-MyToDoList.release.xcconfig */ = {isa = PBXFileReference; includeInIndex = 1; lastKnownFileType = text.xcconfig; name = "Pods-MyToDoList.release.xcconfig"; path = "Target Support Files/Pods-MyToDoList/Pods-MyToDoList.release.xcconfig"; sourceTree = "<group>"; };
/* End PBXFileReference section */

/* Begin PBXFrameworksBuildPhase section */
		2E5DAF9926BEE640000D5EAB /* Frameworks */ = {
			isa = PBXFrameworksBuildPhase;
			buildActionMask = 2147483647;
			files = (
				E09296F3C840A24385BADA6A /* Pods_MyToDoList.framework in Frameworks */,
			);
			runOnlyForDeploymentPostprocessing = 0;
		};
		2E5DAFAF26BEE644000D5EAB /* Frameworks */ = {
			isa = PBXFrameworksBuildPhase;
			buildActionMask = 2147483647;
			files = (
				7DB00114B52DA3FD76924513 /* Pods_MyToDoListTests.framework in Frameworks */,
			);
			runOnlyForDeploymentPostprocessing = 0;
		};
		2E5DAFBA26BEE644000D5EAB /* Frameworks */ = {
			isa = PBXFrameworksBuildPhase;
			buildActionMask = 2147483647;
			files = (
				1668B07B649CFA312CCBC236 /* Pods_MyToDoList_MyToDoListUITests.framework in Frameworks */,
			);
			runOnlyForDeploymentPostprocessing = 0;
		};
/* End PBXFrameworksBuildPhase section */

/* Begin PBXGroup section */
		2E5DAF9326BEE640000D5EAB = {
			isa = PBXGroup;
			children = (
				2E5DAF9E26BEE640000D5EAB /* MyToDoList */,
				2E5DAFB526BEE644000D5EAB /* MyToDoListTests */,
				2E5DAFC026BEE645000D5EAB /* MyToDoListUITests */,
				2E5DAF9D26BEE640000D5EAB /* Products */,
				5810C8EE7DBAB9C275D5C2B3 /* Pods */,
				C1AA7D410BF17FE3D8F5E866 /* Frameworks */,
			);
			sourceTree = "<group>";
		};
		2E5DAF9D26BEE640000D5EAB /* Products */ = {
			isa = PBXGroup;
			children = (
				2E5DAF9C26BEE640000D5EAB /* MyToDoList.app */,
				2E5DAFB226BEE644000D5EAB /* MyToDoListTests.xctest */,
				2E5DAFBD26BEE645000D5EAB /* MyToDoListUITests.xctest */,
			);
			name = Products;
			sourceTree = "<group>";
		};
		2E5DAF9E26BEE640000D5EAB /* MyToDoList */ = {
			isa = PBXGroup;
			children = (
				2E2A5E0626C95E8E00083869 /* GoogleService-Info.plist */,
				2EA1010626C6B5E200819D97 /* Ressources */,
				2E5DAF9F26BEE640000D5EAB /* AppDelegate.swift */,
				2E5DAFA126BEE640000D5EAB /* SceneDelegate.swift */,
				2E5DAFA326BEE640000D5EAB /* ViewController.swift */,
				2E5DAFA526BEE640000D5EAB /* Main.storyboard */,
				2E5DAFA826BEE644000D5EAB /* Assets.xcassets */,
				2E5DAFAA26BEE644000D5EAB /* LaunchScreen.storyboard */,
				2E5DAFAD26BEE644000D5EAB /* Info.plist */,
				2E5DAFCF26C03ACB000D5EAB /* EntryViewController.swift */,
				2E5DAFD126C03B00000D5EAB /* TaskViewController.swift */,
			);
			path = MyToDoList;
			sourceTree = "<group>";
		};
		2E5DAFB526BEE644000D5EAB /* MyToDoListTests */ = {
			isa = PBXGroup;
			children = (
				2E5DAFB626BEE644000D5EAB /* MyToDoListTests.swift */,
				2E5DAFB826BEE644000D5EAB /* Info.plist */,
			);
			path = MyToDoListTests;
			sourceTree = "<group>";
		};
		2E5DAFC026BEE645000D5EAB /* MyToDoListUITests */ = {
			isa = PBXGroup;
			children = (
				2E5DAFC126BEE645000D5EAB /* MyToDoListUITests.swift */,
				2E5DAFC326BEE645000D5EAB /* Info.plist */,
			);
			path = MyToDoListUITests;
			sourceTree = "<group>";
		};
		2EA1010626C6B5E200819D97 /* Ressources */ = {
			isa = PBXGroup;
			children = (
				2EA1010926C6B65B00819D97 /* TaskGateway.swift */,
			);
			path = Ressources;
			sourceTree = "<group>";
		};
		5810C8EE7DBAB9C275D5C2B3 /* Pods */ = {
			isa = PBXGroup;
			children = (
				563F6ABCB22429EAB7E58CA9 /* Pods-MyToDoList.debug.xcconfig */,
				D0AFB74B24B4D8A639812D52 /* Pods-MyToDoList.release.xcconfig */,
				0E5915A29311A07E39514CC5 /* Pods-MyToDoList-MyToDoListUITests.debug.xcconfig */,
				A67F18AE5C74355FCDA9D2D9 /* Pods-MyToDoList-MyToDoListUITests.release.xcconfig */,
				2F359CCF6676541322961F96 /* Pods-MyToDoListTests.debug.xcconfig */,
				68220311AFF4A8EEE3831D2B /* Pods-MyToDoListTests.release.xcconfig */,
			);
			path = Pods;
			sourceTree = "<group>";
		};
		C1AA7D410BF17FE3D8F5E866 /* Frameworks */ = {
			isa = PBXGroup;
			children = (
				35B75C61A9C4062B757D16CD /* Pods_MyToDoList.framework */,
				65EAD503A05572F4FECBD434 /* Pods_MyToDoList_MyToDoListUITests.framework */,
				4268E75E0D2404570869D88E /* Pods_MyToDoListTests.framework */,
			);
			name = Frameworks;
			sourceTree = "<group>";
		};
/* End PBXGroup section */

/* Begin PBXNativeTarget section */
		2E5DAF9B26BEE640000D5EAB /* MyToDoList */ = {
			isa = PBXNativeTarget;
			buildConfigurationList = 2E5DAFC626BEE645000D5EAB /* Build configuration list for PBXNativeTarget "MyToDoList" */;
			buildPhases = (
				C6D9B4DD9409BA7C20A6F59A /* [CP] Check Pods Manifest.lock */,
				2E5DAF9826BEE640000D5EAB /* Sources */,
				2E5DAF9926BEE640000D5EAB /* Frameworks */,
				2E5DAF9A26BEE640000D5EAB /* Resources */,
				0DD782E54C0B94BDEE1CF5B1 /* [CP] Embed Pods Frameworks */,
			);
			buildRules = (
			);
			dependencies = (
			);
			name = MyToDoList;
			productName = MyToDoList;
			productReference = 2E5DAF9C26BEE640000D5EAB /* MyToDoList.app */;
			productType = "com.apple.product-type.application";
		};
		2E5DAFB126BEE644000D5EAB /* MyToDoListTests */ = {
			isa = PBXNativeTarget;
			buildConfigurationList = 2E5DAFC926BEE645000D5EAB /* Build configuration list for PBXNativeTarget "MyToDoListTests" */;
			buildPhases = (
				399F6CCF093C62A2C0614D7D /* [CP] Check Pods Manifest.lock */,
				2E5DAFAE26BEE644000D5EAB /* Sources */,
				2E5DAFAF26BEE644000D5EAB /* Frameworks */,
				2E5DAFB026BEE644000D5EAB /* Resources */,
			);
			buildRules = (
			);
			dependencies = (
				2E5DAFB426BEE644000D5EAB /* PBXTargetDependency */,
			);
			name = MyToDoListTests;
			productName = MyToDoListTests;
			productReference = 2E5DAFB226BEE644000D5EAB /* MyToDoListTests.xctest */;
			productType = "com.apple.product-type.bundle.unit-test";
		};
		2E5DAFBC26BEE644000D5EAB /* MyToDoListUITests */ = {
			isa = PBXNativeTarget;
			buildConfigurationList = 2E5DAFCC26BEE645000D5EAB /* Build configuration list for PBXNativeTarget "MyToDoListUITests" */;
			buildPhases = (
				9A88C3CC8D602160B5C6381C /* [CP] Check Pods Manifest.lock */,
				2E5DAFB926BEE644000D5EAB /* Sources */,
				2E5DAFBA26BEE644000D5EAB /* Frameworks */,
				2E5DAFBB26BEE644000D5EAB /* Resources */,
				B00B997DA4E4760185950E23 /* [CP] Embed Pods Frameworks */,
			);
			buildRules = (
			);
			dependencies = (
				2E5DAFBF26BEE645000D5EAB /* PBXTargetDependency */,
			);
			name = MyToDoListUITests;
			productName = MyToDoListUITests;
			productReference = 2E5DAFBD26BEE645000D5EAB /* MyToDoListUITests.xctest */;
			productType = "com.apple.product-type.bundle.ui-testing";
		};
/* End PBXNativeTarget section */

/* Begin PBXProject section */
		2E5DAF9426BEE640000D5EAB /* Project object */ = {
			isa = PBXProject;
			attributes = {
				LastSwiftUpdateCheck = 1250;
				LastUpgradeCheck = 1250;
				TargetAttributes = {
					2E5DAF9B26BEE640000D5EAB = {
						CreatedOnToolsVersion = 12.5.1;
					};
					2E5DAFB126BEE644000D5EAB = {
						CreatedOnToolsVersion = 12.5.1;
						TestTargetID = 2E5DAF9B26BEE640000D5EAB;
					};
					2E5DAFBC26BEE644000D5EAB = {
						CreatedOnToolsVersion = 12.5.1;
						TestTargetID = 2E5DAF9B26BEE640000D5EAB;
					};
				};
			};
			buildConfigurationList = 2E5DAF9726BEE640000D5EAB /* Build configuration list for PBXProject "MyToDoList" */;
			compatibilityVersion = "Xcode 9.3";
			developmentRegion = en;
			hasScannedForEncodings = 0;
			knownRegions = (
				en,
				Base,
			);
			mainGroup = 2E5DAF9326BEE640000D5EAB;
			productRefGroup = 2E5DAF9D26BEE640000D5EAB /* Products */;
			projectDirPath = "";
			projectRoot = "";
			targets = (
				2E5DAF9B26BEE640000D5EAB /* MyToDoList */,
				2E5DAFB126BEE644000D5EAB /* MyToDoListTests */,
				2E5DAFBC26BEE644000D5EAB /* MyToDoListUITests */,
			);
		};
/* End PBXProject section */

/* Begin PBXResourcesBuildPhase section */
		2E5DAF9A26BEE640000D5EAB /* Resources */ = {
			isa = PBXResourcesBuildPhase;
			buildActionMask = 2147483647;
			files = (
				2E5DAFAC26BEE644000D5EAB /* LaunchScreen.storyboard in Resources */,
				2E2A5E0726C95E8E00083869 /* GoogleService-Info.plist in Resources */,
				2E5DAFA926BEE644000D5EAB /* Assets.xcassets in Resources */,
				2E5DAFA726BEE640000D5EAB /* Main.storyboard in Resources */,
			);
			runOnlyForDeploymentPostprocessing = 0;
		};
		2E5DAFB026BEE644000D5EAB /* Resources */ = {
			isa = PBXResourcesBuildPhase;
			buildActionMask = 2147483647;
			files = (
			);
			runOnlyForDeploymentPostprocessing = 0;
		};
		2E5DAFBB26BEE644000D5EAB /* Resources */ = {
			isa = PBXResourcesBuildPhase;
			buildActionMask = 2147483647;
			files = (
			);
			runOnlyForDeploymentPostprocessing = 0;
		};
/* End PBXResourcesBuildPhase section */

/* Begin PBXShellScriptBuildPhase section */
		0DD782E54C0B94BDEE1CF5B1 /* [CP] Embed Pods Frameworks */ = {
			isa = PBXShellScriptBuildPhase;
			buildActionMask = 2147483647;
			files = (
			);
			inputFileListPaths = (
				"${PODS_ROOT}/Target Support Files/Pods-MyToDoList/Pods-MyToDoList-frameworks-${CONFIGURATION}-input-files.xcfilelist",
			);
			name = "[CP] Embed Pods Frameworks";
			outputFileListPaths = (
				"${PODS_ROOT}/Target Support Files/Pods-MyToDoList/Pods-MyToDoList-frameworks-${CONFIGURATION}-output-files.xcfilelist",
			);
			runOnlyForDeploymentPostprocessing = 0;
			shellPath = /bin/sh;
			shellScript = "\"${PODS_ROOT}/Target Support Files/Pods-MyToDoList/Pods-MyToDoList-frameworks.sh\"\n";
			showEnvVarsInLog = 0;
		};
		399F6CCF093C62A2C0614D7D /* [CP] Check Pods Manifest.lock */ = {
			isa = PBXShellScriptBuildPhase;
			buildActionMask = 2147483647;
			files = (
			);
			inputFileListPaths = (
			);
			inputPaths = (
				"${PODS_PODFILE_DIR_PATH}/Podfile.lock",
				"${PODS_ROOT}/Manifest.lock",
			);
			name = "[CP] Check Pods Manifest.lock";
			outputFileListPaths = (
			);
			outputPaths = (
				"$(DERIVED_FILE_DIR)/Pods-MyToDoListTests-checkManifestLockResult.txt",
			);
			runOnlyForDeploymentPostprocessing = 0;
			shellPath = /bin/sh;
			shellScript = "diff \"${PODS_PODFILE_DIR_PATH}/Podfile.lock\" \"${PODS_ROOT}/Manifest.lock\" > /dev/null\nif [ $? != 0 ] ; then\n    # print error to STDERR\n    echo \"error: The sandbox is not in sync with the Podfile.lock. Run 'pod install' or update your CocoaPods installation.\" >&2\n    exit 1\nfi\n# This output is used by Xcode 'outputs' to avoid re-running this script phase.\necho \"SUCCESS\" > \"${SCRIPT_OUTPUT_FILE_0}\"\n";
			showEnvVarsInLog = 0;
		};
		9A88C3CC8D602160B5C6381C /* [CP] Check Pods Manifest.lock */ = {
			isa = PBXShellScriptBuildPhase;
			buildActionMask = 2147483647;
			files = (
			);
			inputFileListPaths = (
			);
			inputPaths = (
				"${PODS_PODFILE_DIR_PATH}/Podfile.lock",
				"${PODS_ROOT}/Manifest.lock",
			);
			name = "[CP] Check Pods Manifest.lock";
			outputFileListPaths = (
			);
			outputPaths = (
				"$(DERIVED_FILE_DIR)/Pods-MyToDoList-MyToDoListUITests-checkManifestLockResult.txt",
			);
			runOnlyForDeploymentPostprocessing = 0;
			shellPath = /bin/sh;
			shellScript = "diff \"${PODS_PODFILE_DIR_PATH}/Podfile.lock\" \"${PODS_ROOT}/Manifest.lock\" > /dev/null\nif [ $? != 0 ] ; then\n    # print error to STDERR\n    echo \"error: The sandbox is not in sync with the Podfile.lock. Run 'pod install' or update your CocoaPods installation.\" >&2\n    exit 1\nfi\n# This output is used by Xcode 'outputs' to avoid re-running this script phase.\necho \"SUCCESS\" > \"${SCRIPT_OUTPUT_FILE_0}\"\n";
			showEnvVarsInLog = 0;
		};
		B00B997DA4E4760185950E23 /* [CP] Embed Pods Frameworks */ = {
			isa = PBXShellScriptBuildPhase;
			buildActionMask = 2147483647;
			files = (
			);
			inputFileListPaths = (
				"${PODS_ROOT}/Target Support Files/Pods-MyToDoList-MyToDoListUITests/Pods-MyToDoList-MyToDoListUITests-frameworks-${CONFIGURATION}-input-files.xcfilelist",
			);
			name = "[CP] Embed Pods Frameworks";
			outputFileListPaths = (
				"${PODS_ROOT}/Target Support Files/Pods-MyToDoList-MyToDoListUITests/Pods-MyToDoList-MyToDoListUITests-frameworks-${CONFIGURATION}-output-files.xcfilelist",
			);
			runOnlyForDeploymentPostprocessing = 0;
			shellPath = /bin/sh;
			shellScript = "\"${PODS_ROOT}/Target Support Files/Pods-MyToDoList-MyToDoListUITests/Pods-MyToDoList-MyToDoListUITests-frameworks.sh\"\n";
			showEnvVarsInLog = 0;
		};
		C6D9B4DD9409BA7C20A6F59A /* [CP] Check Pods Manifest.lock */ = {
			isa = PBXShellScriptBuildPhase;
			buildActionMask = 2147483647;
			files = (
			);
			inputFileListPaths = (
			);
			inputPaths = (
				"${PODS_PODFILE_DIR_PATH}/Podfile.lock",
				"${PODS_ROOT}/Manifest.lock",
			);
			name = "[CP] Check Pods Manifest.lock";
			outputFileListPaths = (
			);
			outputPaths = (
				"$(DERIVED_FILE_DIR)/Pods-MyToDoList-checkManifestLockResult.txt",
			);
			runOnlyForDeploymentPostprocessing = 0;
			shellPath = /bin/sh;
			shellScript = "diff \"${PODS_PODFILE_DIR_PATH}/Podfile.lock\" \"${PODS_ROOT}/Manifest.lock\" > /dev/null\nif [ $? != 0 ] ; then\n    # print error to STDERR\n    echo \"error: The sandbox is not in sync with the Podfile.lock. Run 'pod install' or update your CocoaPods installation.\" >&2\n    exit 1\nfi\n# This output is used by Xcode 'outputs' to avoid re-running this script phase.\necho \"SUCCESS\" > \"${SCRIPT_OUTPUT_FILE_0}\"\n";
			showEnvVarsInLog = 0;
		};
/* End PBXShellScriptBuildPhase section */

/* Begin PBXSourcesBuildPhase section */
		2E5DAF9826BEE640000D5EAB /* Sources */ = {
			isa = PBXSourcesBuildPhase;
			buildActionMask = 2147483647;
			files = (
				2E5DAFA426BEE640000D5EAB /* ViewController.swift in Sources */,
				2E5DAFD026C03ACB000D5EAB /* EntryViewController.swift in Sources */,
				2E5DAFD226C03B00000D5EAB /* TaskViewController.swift in Sources */,
				2E5DAFA026BEE640000D5EAB /* AppDelegate.swift in Sources */,
				2E5DAFA226BEE640000D5EAB /* SceneDelegate.swift in Sources */,
				2EA1010A26C6B65B00819D97 /* TaskGateway.swift in Sources */,
			);
			runOnlyForDeploymentPostprocessing = 0;
		};
		2E5DAFAE26BEE644000D5EAB /* Sources */ = {
			isa = PBXSourcesBuildPhase;
			buildActionMask = 2147483647;
			files = (
				2E5DAFB726BEE644000D5EAB /* MyToDoListTests.swift in Sources */,
			);
			runOnlyForDeploymentPostprocessing = 0;
		};
		2E5DAFB926BEE644000D5EAB /* Sources */ = {
			isa = PBXSourcesBuildPhase;
			buildActionMask = 2147483647;
			files = (
				2E5DAFC226BEE645000D5EAB /* MyToDoListUITests.swift in Sources */,
			);
			runOnlyForDeploymentPostprocessing = 0;
		};
/* End PBXSourcesBuildPhase section */

/* Begin PBXTargetDependency section */
		2E5DAFB426BEE644000D5EAB /* PBXTargetDependency */ = {
			isa = PBXTargetDependency;
			target = 2E5DAF9B26BEE640000D5EAB /* MyToDoList */;
			targetProxy = 2E5DAFB326BEE644000D5EAB /* PBXContainerItemProxy */;
		};
		2E5DAFBF26BEE645000D5EAB /* PBXTargetDependency */ = {
			isa = PBXTargetDependency;
			target = 2E5DAF9B26BEE640000D5EAB /* MyToDoList */;
			targetProxy = 2E5DAFBE26BEE645000D5EAB /* PBXContainerItemProxy */;
		};
/* End PBXTargetDependency section */

/* Begin PBXVariantGroup section */
		2E5DAFA526BEE640000D5EAB /* Main.storyboard */ = {
			isa = PBXVariantGroup;
			children = (
				2E5DAFA626BEE640000D5EAB /* Base */,
			);
			name = Main.storyboard;
			sourceTree = "<group>";
		};
		2E5DAFAA26BEE644000D5EAB /* LaunchScreen.storyboard */ = {
			isa = PBXVariantGroup;
			children = (
				2E5DAFAB26BEE644000D5EAB /* Base */,
			);
			name = LaunchScreen.storyboard;
			sourceTree = "<group>";
		};
/* End PBXVariantGroup section */

/* Begin XCBuildConfiguration section */
		2E5DAFC426BEE645000D5EAB /* Debug */ = {
			isa = XCBuildConfiguration;
			buildSettings = {
				ALWAYS_SEARCH_USER_PATHS = NO;
				CLANG_ANALYZER_NONNULL = YES;
				CLANG_ANALYZER_NUMBER_OBJECT_CONVERSION = YES_AGGRESSIVE;
				CLANG_CXX_LANGUAGE_STANDARD = "gnu++14";
				CLANG_CXX_LIBRARY = "libc++";
				CLANG_ENABLE_MODULES = YES;
				CLANG_ENABLE_OBJC_ARC = YES;
				CLANG_ENABLE_OBJC_WEAK = YES;
				CLANG_WARN_BLOCK_CAPTURE_AUTORELEASING = YES;
				CLANG_WARN_BOOL_CONVERSION = YES;
				CLANG_WARN_COMMA = YES;
				CLANG_WARN_CONSTANT_CONVERSION = YES;
				CLANG_WARN_DEPRECATED_OBJC_IMPLEMENTATIONS = YES;
				CLANG_WARN_DIRECT_OBJC_ISA_USAGE = YES_ERROR;
				CLANG_WARN_DOCUMENTATION_COMMENTS = YES;
				CLANG_WARN_EMPTY_BODY = YES;
				CLANG_WARN_ENUM_CONVERSION = YES;
				CLANG_WARN_INFINITE_RECURSION = YES;
				CLANG_WARN_INT_CONVERSION = YES;
				CLANG_WARN_NON_LITERAL_NULL_CONVERSION = YES;
				CLANG_WARN_OBJC_IMPLICIT_RETAIN_SELF = YES;
				CLANG_WARN_OBJC_LITERAL_CONVERSION = YES;
				CLANG_WARN_OBJC_ROOT_CLASS = YES_ERROR;
				CLANG_WARN_QUOTED_INCLUDE_IN_FRAMEWORK_HEADER = YES;
				CLANG_WARN_RANGE_LOOP_ANALYSIS = YES;
				CLANG_WARN_STRICT_PROTOTYPES = YES;
				CLANG_WARN_SUSPICIOUS_MOVE = YES;
				CLANG_WARN_UNGUARDED_AVAILABILITY = YES_AGGRESSIVE;
				CLANG_WARN_UNREACHABLE_CODE = YES;
				CLANG_WARN__DUPLICATE_METHOD_MATCH = YES;
				COPY_PHASE_STRIP = NO;
				DEBUG_INFORMATION_FORMAT = dwarf;
				ENABLE_STRICT_OBJC_MSGSEND = YES;
				ENABLE_TESTABILITY = YES;
				GCC_C_LANGUAGE_STANDARD = gnu11;
				GCC_DYNAMIC_NO_PIC = NO;
				GCC_NO_COMMON_BLOCKS = YES;
				GCC_OPTIMIZATION_LEVEL = 0;
				GCC_PREPROCESSOR_DEFINITIONS = (
					"DEBUG=1",
					"$(inherited)",
				);
				GCC_WARN_64_TO_32_BIT_CONVERSION = YES;
				GCC_WARN_ABOUT_RETURN_TYPE = YES_ERROR;
				GCC_WARN_UNDECLARED_SELECTOR = YES;
				GCC_WARN_UNINITIALIZED_AUTOS = YES_AGGRESSIVE;
				GCC_WARN_UNUSED_FUNCTION = YES;
				GCC_WARN_UNUSED_VARIABLE = YES;
				IPHONEOS_DEPLOYMENT_TARGET = 14.5;
				MTL_ENABLE_DEBUG_INFO = INCLUDE_SOURCE;
				MTL_FAST_MATH = YES;
				ONLY_ACTIVE_ARCH = YES;
				SDKROOT = iphoneos;
				SWIFT_ACTIVE_COMPILATION_CONDITIONS = DEBUG;
				SWIFT_OPTIMIZATION_LEVEL = "-Onone";
			};
			name = Debug;
		};
		2E5DAFC526BEE645000D5EAB /* Release */ = {
			isa = XCBuildConfiguration;
			buildSettings = {
				ALWAYS_SEARCH_USER_PATHS = NO;
				CLANG_ANALYZER_NONNULL = YES;
				CLANG_ANALYZER_NUMBER_OBJECT_CONVERSION = YES_AGGRESSIVE;
				CLANG_CXX_LANGUAGE_STANDARD = "gnu++14";
				CLANG_CXX_LIBRARY = "libc++";
				CLANG_ENABLE_MODULES = YES;
				CLANG_ENABLE_OBJC_ARC = YES;
				CLANG_ENABLE_OBJC_WEAK = YES;
				CLANG_WARN_BLOCK_CAPTURE_AUTORELEASING = YES;
				CLANG_WARN_BOOL_CONVERSION = YES;
				CLANG_WARN_COMMA = YES;
				CLANG_WARN_CONSTANT_CONVERSION = YES;
				CLANG_WARN_DEPRECATED_OBJC_IMPLEMENTATIONS = YES;
				CLANG_WARN_DIRECT_OBJC_ISA_USAGE = YES_ERROR;
				CLANG_WARN_DOCUMENTATION_COMMENTS = YES;
				CLANG_WARN_EMPTY_BODY = YES;
				CLANG_WARN_ENUM_CONVERSION = YES;
				CLANG_WARN_INFINITE_RECURSION = YES;
				CLANG_WARN_INT_CONVERSION = YES;
				CLANG_WARN_NON_LITERAL_NULL_CONVERSION = YES;
				CLANG_WARN_OBJC_IMPLICIT_RETAIN_SELF = YES;
				CLANG_WARN_OBJC_LITERAL_CONVERSION = YES;
				CLANG_WARN_OBJC_ROOT_CLASS = YES_ERROR;
				CLANG_WARN_QUOTED_INCLUDE_IN_FRAMEWORK_HEADER = YES;
				CLANG_WARN_RANGE_LOOP_ANALYSIS = YES;
				CLANG_WARN_STRICT_PROTOTYPES = YES;
				CLANG_WARN_SUSPICIOUS_MOVE = YES;
				CLANG_WARN_UNGUARDED_AVAILABILITY = YES_AGGRESSIVE;
				CLANG_WARN_UNREACHABLE_CODE = YES;
				CLANG_WARN__DUPLICATE_METHOD_MATCH = YES;
				COPY_PHASE_STRIP = NO;
				DEBUG_INFORMATION_FORMAT = "dwarf-with-dsym";
				ENABLE_NS_ASSERTIONS = NO;
				ENABLE_STRICT_OBJC_MSGSEND = YES;
				GCC_C_LANGUAGE_STANDARD = gnu11;
				GCC_NO_COMMON_BLOCKS = YES;
				GCC_WARN_64_TO_32_BIT_CONVERSION = YES;
				GCC_WARN_ABOUT_RETURN_TYPE = YES_ERROR;
				GCC_WARN_UNDECLARED_SELECTOR = YES;
				GCC_WARN_UNINITIALIZED_AUTOS = YES_AGGRESSIVE;
				GCC_WARN_UNUSED_FUNCTION = YES;
				GCC_WARN_UNUSED_VARIABLE = YES;
				IPHONEOS_DEPLOYMENT_TARGET = 14.5;
				MTL_ENABLE_DEBUG_INFO = NO;
				MTL_FAST_MATH = YES;
				SDKROOT = iphoneos;
				SWIFT_COMPILATION_MODE = wholemodule;
				SWIFT_OPTIMIZATION_LEVEL = "-O";
				VALIDATE_PRODUCT = YES;
			};
			name = Release;
		};
		2E5DAFC726BEE645000D5EAB /* Debug */ = {
			isa = XCBuildConfiguration;
			baseConfigurationReference = 563F6ABCB22429EAB7E58CA9 /* Pods-MyToDoList.debug.xcconfig */;
			buildSettings = {
				ASSETCATALOG_COMPILER_APPICON_NAME = AppIcon;
				ASSETCATALOG_COMPILER_GLOBAL_ACCENT_COLOR_NAME = AccentColor;
				CODE_SIGN_STYLE = Automatic;
				INFOPLIST_FILE = MyToDoList/Info.plist;
				LD_RUNPATH_SEARCH_PATHS = (
					"$(inherited)",
					"@executable_path/Frameworks",
				);
				PRODUCT_BUNDLE_IDENTIFIER = com.example..MyToDoList;
				PRODUCT_NAME = "$(TARGET_NAME)";
				SWIFT_VERSION = 5.0;
				TARGETED_DEVICE_FAMILY = "1,2";
			};
			name = Debug;
		};
		2E5DAFC826BEE645000D5EAB /* Release */ = {
			isa = XCBuildConfiguration;
			baseConfigurationReference = D0AFB74B24B4D8A639812D52 /* Pods-MyToDoList.release.xcconfig */;
			buildSettings = {
				ASSETCATALOG_COMPILER_APPICON_NAME = AppIcon;
				ASSETCATALOG_COMPILER_GLOBAL_ACCENT_COLOR_NAME = AccentColor;
				CODE_SIGN_STYLE = Automatic;
				INFOPLIST_FILE = MyToDoList/Info.plist;
				LD_RUNPATH_SEARCH_PATHS = (
					"$(inherited)",
					"@executable_path/Frameworks",
				);
				PRODUCT_BUNDLE_IDENTIFIER = com.example..MyToDoList;
				PRODUCT_NAME = "$(TARGET_NAME)";
				SWIFT_VERSION = 5.0;
				TARGETED_DEVICE_FAMILY = "1,2";
			};
			name = Release;
		};
		2E5DAFCA26BEE645000D5EAB /* Debug */ = {
			isa = XCBuildConfiguration;
			baseConfigurationReference = 2F359CCF6676541322961F96 /* Pods-MyToDoListTests.debug.xcconfig */;
			buildSettings = {
				ALWAYS_EMBED_SWIFT_STANDARD_LIBRARIES = YES;
				BUNDLE_LOADER = "$(TEST_HOST)";
				CODE_SIGN_STYLE = Automatic;
				INFOPLIST_FILE = MyToDoListTests/Info.plist;
				IPHONEOS_DEPLOYMENT_TARGET = 14.5;
				LD_RUNPATH_SEARCH_PATHS = (
					"$(inherited)",
					"@executable_path/Frameworks",
					"@loader_path/Frameworks",
				);
				PRODUCT_BUNDLE_IDENTIFIER = com.example..MyToDoListTests;
				PRODUCT_NAME = "$(TARGET_NAME)";
				SWIFT_VERSION = 5.0;
				TARGETED_DEVICE_FAMILY = "1,2";
				TEST_HOST = "$(BUILT_PRODUCTS_DIR)/MyToDoList.app/MyToDoList";
			};
			name = Debug;
		};
		2E5DAFCB26BEE645000D5EAB /* Release */ = {
			isa = XCBuildConfiguration;
			baseConfigurationReference = 68220311AFF4A8EEE3831D2B /* Pods-MyToDoListTests.release.xcconfig */;
			buildSettings = {
				ALWAYS_EMBED_SWIFT_STANDARD_LIBRARIES = YES;
				BUNDLE_LOADER = "$(TEST_HOST)";
				CODE_SIGN_STYLE = Automatic;
				INFOPLIST_FILE = MyToDoListTests/Info.plist;
				IPHONEOS_DEPLOYMENT_TARGET = 14.5;
				LD_RUNPATH_SEARCH_PATHS = (
					"$(inherited)",
					"@executable_path/Frameworks",
					"@loader_path/Frameworks",
				);
				PRODUCT_BUNDLE_IDENTIFIER = com.example..MyToDoListTests;
				PRODUCT_NAME = "$(TARGET_NAME)";
				SWIFT_VERSION = 5.0;
				TARGETED_DEVICE_FAMILY = "1,2";
				TEST_HOST = "$(BUILT_PRODUCTS_DIR)/MyToDoList.app/MyToDoList";
			};
			name = Release;
		};
		2E5DAFCD26BEE645000D5EAB /* Debug */ = {
			isa = XCBuildConfiguration;
			baseConfigurationReference = 0E5915A29311A07E39514CC5 /* Pods-MyToDoList-MyToDoListUITests.debug.xcconfig */;
			buildSettings = {
				ALWAYS_EMBED_SWIFT_STANDARD_LIBRARIES = YES;
				CODE_SIGN_STYLE = Automatic;
				INFOPLIST_FILE = MyToDoListUITests/Info.plist;
				LD_RUNPATH_SEARCH_PATHS = (
					"$(inherited)",
					"@executable_path/Frameworks",
					"@loader_path/Frameworks",
				);
				PRODUCT_BUNDLE_IDENTIFIER = com.example..MyToDoListUITests;
				PRODUCT_NAME = "$(TARGET_NAME)";
				SWIFT_VERSION = 5.0;
				TARGETED_DEVICE_FAMILY = "1,2";
				TEST_TARGET_NAME = MyToDoList;
			};
			name = Debug;
		};
		2E5DAFCE26BEE645000D5EAB /* Release */ = {
			isa = XCBuildConfiguration;
			baseConfigurationReference = A67F18AE5C74355FCDA9D2D9 /* Pods-MyToDoList-MyToDoListUITests.release.xcconfig */;
			buildSettings = {
				ALWAYS_EMBED_SWIFT_STANDARD_LIBRARIES = YES;
				CODE_SIGN_STYLE = Automatic;
				INFOPLIST_FILE = MyToDoListUITests/Info.plist;
				LD_RUNPATH_SEARCH_PATHS = (
					"$(inherited)",
					"@executable_path/Frameworks",
					"@loader_path/Frameworks",
				);
				PRODUCT_BUNDLE_IDENTIFIER = com.example..MyToDoListUITests;
				PRODUCT_NAME = "$(TARGET_NAME)";
				SWIFT_VERSION = 5.0;
				TARGETED_DEVICE_FAMILY = "1,2";
				TEST_TARGET_NAME = MyToDoList;
			};
			name = Release;
		};
/* End XCBuildConfiguration section */

/* Begin XCConfigurationList section */
		2E5DAF9726BEE640000D5EAB /* Build configuration list for PBXProject "MyToDoList" */ = {
			isa = XCConfigurationList;
			buildConfigurations = (
				2E5DAFC426BEE645000D5EAB /* Debug */,
				2E5DAFC526BEE645000D5EAB /* Release */,
			);
			defaultConfigurationIsVisible = 0;
			defaultConfigurationName = Release;
		};
		2E5DAFC626BEE645000D5EAB /* Build configuration list for PBXNativeTarget "MyToDoList" */ = {
			isa = XCConfigurationList;
			buildConfigurations = (
				2E5DAFC726BEE645000D5EAB /* Debug */,
				2E5DAFC826BEE645000D5EAB /* Release */,
			);
			defaultConfigurationIsVisible = 0;
			defaultConfigurationName = Release;
		};
		2E5DAFC926BEE645000D5EAB /* Build configuration list for PBXNativeTarget "MyToDoListTests" */ = {
			isa = XCConfigurationList;
			buildConfigurations = (
				2E5DAFCA26BEE645000D5EAB /* Debug */,
				2E5DAFCB26BEE645000D5EAB /* Release */,
			);
			defaultConfigurationIsVisible = 0;
			defaultConfigurationName = Release;
		};
		2E5DAFCC26BEE645000D5EAB /* Build configuration list for PBXNativeTarget "MyToDoListUITests" */ = {
			isa = XCConfigurationList;
			buildConfigurations = (
				2E5DAFCD26BEE645000D5EAB /* Debug */,
				2E5DAFCE26BEE645000D5EAB /* Release */,
			);
			defaultConfigurationIsVisible = 0;
			defaultConfigurationName = Release;
		};
/* End XCConfigurationList section */
	};
	rootObject = 2E5DAF9426BEE640000D5EAB /* Project object */;
}
